
Microsoft Visual Studio Solution File, Format Version 12.00
# Visual Studio 14
VisualStudioVersion = 14.0.25420.1
MinimumVisualStudioVersion = 10.0.40219.1
Project("{FAE04EC0-301F-11D3-BF4B-00C04F79EFBC}") = "ExchangePullWpfApp", "ExchangePullWpfApp\ExchangePullWpfApp.csproj", "{A79694B5-060D-496F-A6D8-82F371871D98}"
EndProject
Project("{FAE04EC0-301F-11D3-BF4B-00C04F79EFBC}") = "ExchangeConsoleApp", "ExchangeConsoleApp\ExchangeConsoleApp.csproj", "{8A127BE7-2378-4C6C-9523-96B20F7279FB}"
EndProject
Project("{FAE04EC0-301F-11D3-BF4B-00C04F79EFBC}") = "ExchnagePullController", "ExchnagePullController\ExchnagePullController.csproj", "{12B48C91-3F76-487F-840B-0AFDEF904D59}"
EndProject
Global
	GlobalSection(SolutionConfigurationPlatforms) = preSolution
		Debug|Any CPU = Debug|Any CPU
		Release|Any CPU = Release|Any CPU
	EndGlobalSection
	GlobalSection(ProjectConfigurationPlatforms) = postSolution
		{A79694B5-060D-496F-A6D8-82F371871D98}.Debug|Any CPU.ActiveCfg = Debug|Any CPU
		{A79694B5-060D-496F-A6D8-82F371871D98}.Debug|Any CPU.Build.0 = Debug|Any CPU
		{A79694B5-060D-496F-A6D8-82F371871D98}.Release|Any CPU.ActiveCfg = Release|Any CPU
		{A79694B5-060D-496F-A6D8-82F371871D98}.Release|Any CPU.Build.0 = Release|Any CPU
		{8A127BE7-2378-4C6C-9523-96B20F7279FB}.Debug|Any CPU.ActiveCfg = Debug|Any CPU
		{8A127BE7-2378-4C6C-9523-96B20F7279FB}.Debug|Any CPU.Build.0 = Debug|Any CPU
		{8A127BE7-2378-4C6C-9523-96B20F7279FB}.Release|Any CPU.ActiveCfg = Release|Any CPU
		{8A127BE7-2378-4C6C-9523-96B20F7279FB}.Release|Any CPU.Build.0 = Release|Any CPU
		{12B48C91-3F76-487F-840B-0AFDEF904D59}.Debug|Any CPU.ActiveCfg = Debug|Any CPU
		{12B48C91-3F76-487F-840B-0AFDEF904D59}.Debug|Any CPU.Build.0 = Debug|Any CPU
		{12B48C91-3F76-487F-840B-0AFDEF904D59}.Release|Any CPU.ActiveCfg = Release|Any CPU
		{12B48C91-3F76-487F-840B-0AFDEF904D59}.Release|Any CPU.Build.0 = Release|Any CPU
	EndGlobalSection
	GlobalSection(SolutionProperties) = preSolution
		HideSolutionNode = FALSE
	EndGlobalSection
EndGlobal
